
Microsoft Visual Studio Solution File, Format Version 12.00
# Visual Studio 14
VisualStudioVersion = 14.0.25420.1
MinimumVisualStudioVersion = 10.0.40219.1
Project("{E24C65DC-7377-472B-9ABA-BC803B73C61A}") = "ConferenceWebSite", ".", "{FCD2A94A-3B11-419C-A031-FD71CB94F689}"
	ProjectSection(WebsiteProperties) = preProject
		TargetFrameworkMoniker = ".NETFramework,Version%3Dv4.6.1"
		Debug.AspNetCompiler.VirtualPath = "/localhost_2678"
		Debug.AspNetCompiler.PhysicalPath = "..\ConferenceWebSite\"
		Debug.AspNetCompiler.TargetPath = "PrecompiledWeb\localhost_2678\"
		Debug.AspNetCompiler.Updateable = "true"
		Debug.AspNetCompiler.ForceOverwrite = "true"
		Debug.AspNetCompiler.FixedNames = "false"
		Debug.AspNetCompiler.Debug = "True"
		Release.AspNetCompiler.VirtualPath = "/localhost_2678"
		Release.AspNetCompiler.PhysicalPath = "..\ConferenceWebSite\"
		Release.AspNetCompiler.TargetPath = "PrecompiledWeb\localhost_2678\"
		Release.AspNetCompiler.Updateable = "true"
		Release.AspNetCompiler.ForceOverwrite = "true"
		Release.AspNetCompiler.FixedNames = "false"
		Release.AspNetCompiler.Debug = "False"
		VWDPort = "2678"
		SlnRelativePath = "..\ConferenceWebSite\"
	EndProjectSection
EndProject
Global
	GlobalSection(SolutionConfigurationPlatforms) = preSolution
		Debug|Any CPU = Debug|Any CPU
	EndGlobalSection
	GlobalSection(ProjectConfigurationPlatforms) = postSolution
		{FCD2A94A-3B11-419C-A031-FD71CB94F689}.Debug|Any CPU.ActiveCfg = Debug|Any CPU
		{FCD2A94A-3B11-419C-A031-FD71CB94F689}.Debug|Any CPU.Build.0 = Debug|Any CPU
	EndGlobalSection
	GlobalSection(SolutionProperties) = preSolution
		HideSolutionNode = FALSE
	EndGlobalSection
EndGlobal
